
Microsoft Visual Studio Solution File, Format Version 12.00
# Visual Studio Version 17
VisualStudioVersion = 17.9.34714.143
MinimumVisualStudioVersion = 10.0.40219.1
Project("{FAE04EC0-301F-11D3-BF4B-00C04F79EFBC}") = "Corporation", "Corporation\Corporation.csproj", "{481E5D0A-29A7-42B0-9366-4843CB7B3EF2}"
EndProject
Global
	GlobalSection(SolutionConfigurationPlatforms) = preSolution
		Debug|Any CPU = Debug|Any CPU
		Release|Any CPU = Release|Any CPU
	EndGlobalSection
	GlobalSection(ProjectConfigurationPlatforms) = postSolution
		{481E5D0A-29A7-42B0-9366-4843CB7B3EF2}.Debug|Any CPU.ActiveCfg = Debug|Any CPU
		{481E5D0A-29A7-42B0-9366-4843CB7B3EF2}.Debug|Any CPU.Build.0 = Debug|Any CPU
		{481E5D0A-29A7-42B0-9366-4843CB7B3EF2}.Release|Any CPU.ActiveCfg = Release|Any CPU
		{481E5D0A-29A7-42B0-9366-4843CB7B3EF2}.Release|Any CPU.Build.0 = Release|Any CPU
	EndGlobalSection
	GlobalSection(SolutionProperties) = preSolution
		HideSolutionNode = FALSE
	EndGlobalSection
	GlobalSection(ExtensibilityGlobals) = postSolution
		SolutionGuid = {F8E2DBC3-1CC7-4642-A4A7-F3A5C333DAB5}
	EndGlobalSection
EndGlobal
